
Microsoft Visual Studio Solution File, Format Version 12.00
# Visual Studio Version 17
VisualStudioVersion = 17.0.31903.59
MinimumVisualStudioVersion = 10.0.40219.1
Project("{FAE04EC0-301F-11D3-BF4B-00C04F79EFBC}") = "Proje hastane", "Proje hastane\Proje hastane.csproj", "{DCE2BD5F-DCE5-4629-BC2C-3ED2EE6A47FD}"
EndProject
Global
	GlobalSection(SolutionConfigurationPlatforms) = preSolution
		Debug|Any CPU = Debug|Any CPU
		Release|Any CPU = Release|Any CPU
	EndGlobalSection
	GlobalSection(ProjectConfigurationPlatforms) = postSolution
		{DCE2BD5F-DCE5-4629-BC2C-3ED2EE6A47FD}.Debug|Any CPU.ActiveCfg = Debug|Any CPU
		{DCE2BD5F-DCE5-4629-BC2C-3ED2EE6A47FD}.Debug|Any CPU.Build.0 = Debug|Any CPU
		{DCE2BD5F-DCE5-4629-BC2C-3ED2EE6A47FD}.Release|Any CPU.ActiveCfg = Release|Any CPU
		{DCE2BD5F-DCE5-4629-BC2C-3ED2EE6A47FD}.Release|Any CPU.Build.0 = Release|Any CPU
	EndGlobalSection
	GlobalSection(SolutionProperties) = preSolution
		HideSolutionNode = FALSE
	EndGlobalSection
	GlobalSection(ExtensibilityGlobals) = postSolution
		SolutionGuid = {FC0DE37B-9682-4FDF-BC90-9A8A8FE08CB3}
	EndGlobalSection
EndGlobal
